
Microsoft Visual Studio Solution File, Format Version 12.00
# Visual Studio 14
VisualStudioVersion = 14.0.25420.1
MinimumVisualStudioVersion = 10.0.40219.1
Project("{2150E333-8FDC-42A3-9474-1A3956D46DE8}") = "src", "src", "{29A4F9BD-2CE1-4DAD-AA79-8C2C11EEFBF4}"
EndProject
Project("{2150E333-8FDC-42A3-9474-1A3956D46DE8}") = "Solution Items", "Solution Items", "{B3DC1456-9DA4-4786-B885-186F80DE3ADF}"
	ProjectSection(SolutionItems) = preProject
		global.json = global.json
	EndProjectSection
EndProject
Project("{8BB2217D-0F2D-49D1-97BC-3654ED321F3B}") = "Namster", "src\Namster\Namster.xproj", "{529F45CC-6409-4BD6-8B34-B261807421EB}"
EndProject
Project("{8BB2217D-0F2D-49D1-97BC-3654ED321F3B}") = "Namster.Jobs.ElasticSync", "src\Namster.Jobs.ElasticSync\Namster.Jobs.ElasticSync.xproj", "{78D805EE-F767-441B-84C7-42CBF6AB45D8}"
EndProject
Global
	GlobalSection(SolutionConfigurationPlatforms) = preSolution
		Debug|Any CPU = Debug|Any CPU
		Release|Any CPU = Release|Any CPU
	EndGlobalSection
	GlobalSection(ProjectConfigurationPlatforms) = postSolution
		{529F45CC-6409-4BD6-8B34-B261807421EB}.Debug|Any CPU.ActiveCfg = Debug|Any CPU
		{529F45CC-6409-4BD6-8B34-B261807421EB}.Debug|Any CPU.Build.0 = Debug|Any CPU
		{529F45CC-6409-4BD6-8B34-B261807421EB}.Release|Any CPU.ActiveCfg = Release|Any CPU
		{529F45CC-6409-4BD6-8B34-B261807421EB}.Release|Any CPU.Build.0 = Release|Any CPU
		{78D805EE-F767-441B-84C7-42CBF6AB45D8}.Debug|Any CPU.ActiveCfg = Debug|Any CPU
		{78D805EE-F767-441B-84C7-42CBF6AB45D8}.Debug|Any CPU.Build.0 = Debug|Any CPU
		{78D805EE-F767-441B-84C7-42CBF6AB45D8}.Release|Any CPU.ActiveCfg = Release|Any CPU
		{78D805EE-F767-441B-84C7-42CBF6AB45D8}.Release|Any CPU.Build.0 = Release|Any CPU
	EndGlobalSection
	GlobalSection(SolutionProperties) = preSolution
		HideSolutionNode = FALSE
	EndGlobalSection
	GlobalSection(NestedProjects) = preSolution
		{529F45CC-6409-4BD6-8B34-B261807421EB} = {29A4F9BD-2CE1-4DAD-AA79-8C2C11EEFBF4}
		{78D805EE-F767-441B-84C7-42CBF6AB45D8} = {29A4F9BD-2CE1-4DAD-AA79-8C2C11EEFBF4}
	EndGlobalSection
EndGlobal
